<?xml version="1.0" encoding="utf-8"?>
<Project ToolsVersion="4.0" xmlns="http://schemas.microsoft.com/developer/msbuild/2003">
  <ItemGroup>
    <Filter Include="源文件">
      <UniqueIdentifier>{4FC737F1-C7A5-4376-A066-2A32D752A2FF}</UniqueIdentifier>
      <Extensions>cpp;c;cc;cxx;def;odl;idl;hpj;bat;asm;asmx</Extensions>
    </Filter>
    <Filter Include="头文件">
      <UniqueIdentifier>{93995380-89BD-4b04-88EB-625FBE52EBFB}</UniqueIdentifier>
      <Extensions>h;hh;hpp;hxx;hm;inl;inc;xsd</Extensions>
    </Filter>
  </ItemGroup>
  <ItemGroup>
    <ClInclude Include="WFLibConfig.h">
      <Filter>头文件</Filter>
    </ClInclude>
    <ClInclude Include="WFLib.h">
      <Filter>头文件</Filter>
    </ClInclude>
    <ClInclude Include="RandomString.h">
      <Filter>头文件</Filter>
    </ClInclude>
    <ClInclude Include="Base64.h">
      <Filter>头文件</Filter>
    </ClInclude>
    <ClInclude Include="CalcTextSize.h">
      <Filter>头文件</Filter>
    </ClInclude>
    <ClInclude Include="WindowMessageFilter.h">
      <Filter>头文件</Filter>
    </ClInclude>
    <ClInclude Include="URLChar.h">
      <Filter>头文件</Filter>
    </ClInclude>
    <ClInclude Include="CIconCache.h">
      <Filter>头文件</Filter>
    </ClInclude>
    <ClInclude Include="CUnicodeString2StdMultiByteString.h">
      <Filter>头文件</Filter>
    </ClInclude>
    <ClInclude Include="EnumFont.h">
      <Filter>头文件</Filter>
    </ClInclude>
    <ClInclude Include="GetOSVersion.h">
      <Filter>头文件</Filter>
    </ClInclude>
    <ClInclude Include="MakeFullPath.h">
      <Filter>头文件</Filter>
    </ClInclude>
    <ClInclude Include="Profile.h">
      <Filter>头文件</Filter>
    </ClInclude>
    <ClInclude Include="HICON2GdipBitmap.h">
      <Filter>头文件</Filter>
    </ClInclude>
    <ClInclude Include="TaskBar.h">
      <Filter>头文件</Filter>
    </ClInclude>
    <ClInclude Include="GetIPByHostName.h">
      <Filter>头文件</Filter>
    </ClInclude>
    <ClInclude Include="CreateShortcut.h">
      <Filter>头文件</Filter>
    </ClInclude>
    <ClInclude Include="GetFileList.h">
      <Filter>头文件</Filter>
    </ClInclude>
    <ClInclude Include="CalcFileSize.h">
      <Filter>头文件</Filter>
    </ClInclude>
    <ClInclude Include="ExecuteWarning.h">
      <Filter>头文件</Filter>
    </ClInclude>
    <ClInclude Include="ModuleRegPath.h">
      <Filter>头文件</Filter>
    </ClInclude>
    <ClInclude Include="FormatSoftSizeString.h">
      <Filter>头文件</Filter>
    </ClInclude>
    <ClInclude Include="FormatDriveFreeSpaceString.h">
      <Filter>头文件</Filter>
    </ClInclude>
    <ClInclude Include="IsPathWritable.h">
      <Filter>头文件</Filter>
    </ClInclude>
    <ClInclude Include="PostProcessWndMsg.h">
      <Filter>头文件</Filter>
    </ClInclude>
    <ClInclude Include="WaitProcessByProcessName.h">
      <Filter>头文件</Filter>
    </ClInclude>
    <ClInclude Include="DeleteDesktopFile.h">
      <Filter>头文件</Filter>
    </ClInclude>
    <ClInclude Include="GetProcessIDByProcessName.h">
      <Filter>头文件</Filter>
    </ClInclude>
    <ClInclude Include="CStartMenuProgramGroup.h">
      <Filter>头文件</Filter>
    </ClInclude>
    <ClInclude Include="RunAppWait.h">
      <Filter>头文件</Filter>
    </ClInclude>
  </ItemGroup>
  <ItemGroup>
    <ClCompile Include="Base64.cpp">
      <Filter>源文件</Filter>
    </ClCompile>
    <ClCompile Include="RandomString.cpp">
      <Filter>源文件</Filter>
    </ClCompile>
    <ClCompile Include="CalcTextSize.cpp">
      <Filter>源文件</Filter>
    </ClCompile>
    <ClCompile Include="WindowMessageFilter.cpp">
      <Filter>源文件</Filter>
    </ClCompile>
    <ClCompile Include="URLChar.cpp">
      <Filter>源文件</Filter>
    </ClCompile>
    <ClCompile Include="CIconCache.cpp">
      <Filter>源文件</Filter>
    </ClCompile>
    <ClCompile Include="CUnicodeString2StdMultiByteString.cpp">
      <Filter>源文件</Filter>
    </ClCompile>
    <ClCompile Include="EnumFont.cpp">
      <Filter>源文件</Filter>
    </ClCompile>
    <ClCompile Include="GetOSVersion.cpp">
      <Filter>源文件</Filter>
    </ClCompile>
    <ClCompile Include="MakeFullPath.cpp">
      <Filter>源文件</Filter>
    </ClCompile>
    <ClCompile Include="HICON2GdipBitmap.cpp">
      <Filter>源文件</Filter>
    </ClCompile>
    <ClCompile Include="TaskBar.cpp">
      <Filter>源文件</Filter>
    </ClCompile>
    <ClCompile Include="GetIPByHostName.cpp">
      <Filter>源文件</Filter>
    </ClCompile>
    <ClCompile Include="CreateShortcut.cpp">
      <Filter>源文件</Filter>
    </ClCompile>
    <ClCompile Include="GetFileList.cpp">
      <Filter>源文件</Filter>
    </ClCompile>
    <ClCompile Include="CalcFileSize.cpp">
      <Filter>源文件</Filter>
    </ClCompile>
    <ClCompile Include="ExecuteWarning.cpp">
      <Filter>源文件</Filter>
    </ClCompile>
    <ClCompile Include="ModuleRegPath.cpp">
      <Filter>源文件</Filter>
    </ClCompile>
    <ClCompile Include="FormatSoftSizeString.cpp">
      <Filter>源文件</Filter>
    </ClCompile>
    <ClCompile Include="FormatDriveFreeSpaceString.cpp">
      <Filter>源文件</Filter>
    </ClCompile>
    <ClCompile Include="IsPathWritable.cpp">
      <Filter>源文件</Filter>
    </ClCompile>
    <ClCompile Include="PostProcessWndMsg.cpp">
      <Filter>源文件</Filter>
    </ClCompile>
    <ClCompile Include="WaitProcessByProcessName.cpp">
      <Filter>源文件</Filter>
    </ClCompile>
    <ClCompile Include="DeleteDesktopFile.cpp">
      <Filter>源文件</Filter>
    </ClCompile>
    <ClCompile Include="GetProcessIDByProcessName.cpp">
      <Filter>源文件</Filter>
    </ClCompile>
    <ClCompile Include="CStartMenuProgramGroup.cpp">
      <Filter>源文件</Filter>
    </ClCompile>
    <ClCompile Include="RunAppWait.cpp">
      <Filter>源文件</Filter>
    </ClCompile>
  </ItemGroup>
</Project>